
Microsoft Visual Studio Solution File, Format Version 12.00
# Visual Studio 2012
Project("{8BC9CEB8-8B4A-11D0-8D11-00A0C91BC942}") = "Builder", "Patterns\Patterns.vcxproj", "{7296AE0B-C1D0-48A7-87C1-FD8674431B1B}"
EndProject
Project("{8BC9CEB8-8B4A-11D0-8D11-00A0C91BC942}") = "Factory", "Factory\Factory.vcxproj", "{EE999D39-DC04-46C4-811F-7B9F42BBEF1E}"
EndProject
Project("{8BC9CEB8-8B4A-11D0-8D11-00A0C91BC942}") = "Prototype", "Prototype\Prototype.vcxproj", "{B16377AA-CEC2-4C4E-A11E-A4D5E5BA78D4}"
EndProject
Project("{8BC9CEB8-8B4A-11D0-8D11-00A0C91BC942}") = "Singleton", "Singleton\Singleton.vcxproj", "{F13BDDEE-87E3-4DFF-9241-4BC945C7E090}"
EndProject
Project("{8BC9CEB8-8B4A-11D0-8D11-00A0C91BC942}") = "Adapter", "Adapter\Adapter.vcxproj", "{7D112ABF-B0E0-4B3D-BE9E-D03F729DFD12}"
EndProject
Project("{8BC9CEB8-8B4A-11D0-8D11-00A0C91BC942}") = "Decorator", "Decorator\Decorator.vcxproj", "{CC00A848-A86E-4CCE-9B76-F8CC41F3F2CF}"
EndProject
Project("{8BC9CEB8-8B4A-11D0-8D11-00A0C91BC942}") = "Strategy", "Strategy\Strategy.vcxproj", "{92655CA9-C1A1-49CE-95F2-3325598264B8}"
EndProject
Project("{2150E333-8FDC-42A3-9474-1A3956D46DE8}") = "Solution Items", "Solution Items", "{70AF8360-8A86-4361-81DE-C76CB106A8E1}"
	ProjectSection(SolutionItems) = preProject
		.gitignore = .gitignore
	EndProjectSection
EndProject
Project("{8BC9CEB8-8B4A-11D0-8D11-00A0C91BC942}") = "Facade", "Facade\Facade.vcxproj", "{29304673-A8C6-49EC-8D5A-03BCA24E8E7E}"
EndProject
Project("{8BC9CEB8-8B4A-11D0-8D11-00A0C91BC942}") = "Bridge", "Bridge\Bridge.vcxproj", "{19579918-C563-4DF7-9276-5873CD5694DA}"
EndProject
Project("{8BC9CEB8-8B4A-11D0-8D11-00A0C91BC942}") = "Command", "Command\Command.vcxproj", "{D351ADCE-426E-4167-A9C0-ABEA2A8109D4}"
EndProject
Project("{8BC9CEB8-8B4A-11D0-8D11-00A0C91BC942}") = "Observer", "Observer\Observer.vcxproj", "{50C95338-9E9D-4F15-B22B-1EA021489E06}"
EndProject
Global
	GlobalSection(SolutionConfigurationPlatforms) = preSolution
		Debug|Win32 = Debug|Win32
		Release|Win32 = Release|Win32
	EndGlobalSection
	GlobalSection(ProjectConfigurationPlatforms) = postSolution
		{7296AE0B-C1D0-48A7-87C1-FD8674431B1B}.Debug|Win32.ActiveCfg = Debug|Win32
		{7296AE0B-C1D0-48A7-87C1-FD8674431B1B}.Debug|Win32.Build.0 = Debug|Win32
		{7296AE0B-C1D0-48A7-87C1-FD8674431B1B}.Release|Win32.ActiveCfg = Release|Win32
		{7296AE0B-C1D0-48A7-87C1-FD8674431B1B}.Release|Win32.Build.0 = Release|Win32
		{EE999D39-DC04-46C4-811F-7B9F42BBEF1E}.Debug|Win32.ActiveCfg = Debug|Win32
		{EE999D39-DC04-46C4-811F-7B9F42BBEF1E}.Debug|Win32.Build.0 = Debug|Win32
		{EE999D39-DC04-46C4-811F-7B9F42BBEF1E}.Release|Win32.ActiveCfg = Release|Win32
		{EE999D39-DC04-46C4-811F-7B9F42BBEF1E}.Release|Win32.Build.0 = Release|Win32
		{B16377AA-CEC2-4C4E-A11E-A4D5E5BA78D4}.Debug|Win32.ActiveCfg = Debug|Win32
		{B16377AA-CEC2-4C4E-A11E-A4D5E5BA78D4}.Debug|Win32.Build.0 = Debug|Win32
		{B16377AA-CEC2-4C4E-A11E-A4D5E5BA78D4}.Release|Win32.ActiveCfg = Release|Win32
		{B16377AA-CEC2-4C4E-A11E-A4D5E5BA78D4}.Release|Win32.Build.0 = Release|Win32
		{F13BDDEE-87E3-4DFF-9241-4BC945C7E090}.Debug|Win32.ActiveCfg = Debug|Win32
		{F13BDDEE-87E3-4DFF-9241-4BC945C7E090}.Debug|Win32.Build.0 = Debug|Win32
		{F13BDDEE-87E3-4DFF-9241-4BC945C7E090}.Release|Win32.ActiveCfg = Release|Win32
		{F13BDDEE-87E3-4DFF-9241-4BC945C7E090}.Release|Win32.Build.0 = Release|Win32
		{7D112ABF-B0E0-4B3D-BE9E-D03F729DFD12}.Debug|Win32.ActiveCfg = Debug|Win32
		{7D112ABF-B0E0-4B3D-BE9E-D03F729DFD12}.Debug|Win32.Build.0 = Debug|Win32
		{7D112ABF-B0E0-4B3D-BE9E-D03F729DFD12}.Release|Win32.ActiveCfg = Release|Win32
		{7D112ABF-B0E0-4B3D-BE9E-D03F729DFD12}.Release|Win32.Build.0 = Release|Win32
		{CC00A848-A86E-4CCE-9B76-F8CC41F3F2CF}.Debug|Win32.ActiveCfg = Debug|Win32
		{CC00A848-A86E-4CCE-9B76-F8CC41F3F2CF}.Debug|Win32.Build.0 = Debug|Win32
		{CC00A848-A86E-4CCE-9B76-F8CC41F3F2CF}.Release|Win32.ActiveCfg = Release|Win32
		{CC00A848-A86E-4CCE-9B76-F8CC41F3F2CF}.Release|Win32.Build.0 = Release|Win32
		{92655CA9-C1A1-49CE-95F2-3325598264B8}.Debug|Win32.ActiveCfg = Debug|Win32
		{92655CA9-C1A1-49CE-95F2-3325598264B8}.Debug|Win32.Build.0 = Debug|Win32
		{92655CA9-C1A1-49CE-95F2-3325598264B8}.Release|Win32.ActiveCfg = Release|Win32
		{92655CA9-C1A1-49CE-95F2-3325598264B8}.Release|Win32.Build.0 = Release|Win32
		{29304673-A8C6-49EC-8D5A-03BCA24E8E7E}.Debug|Win32.ActiveCfg = Debug|Win32
		{29304673-A8C6-49EC-8D5A-03BCA24E8E7E}.Debug|Win32.Build.0 = Debug|Win32
		{29304673-A8C6-49EC-8D5A-03BCA24E8E7E}.Release|Win32.ActiveCfg = Release|Win32
		{29304673-A8C6-49EC-8D5A-03BCA24E8E7E}.Release|Win32.Build.0 = Release|Win32
		{19579918-C563-4DF7-9276-5873CD5694DA}.Debug|Win32.ActiveCfg = Debug|Win32
		{19579918-C563-4DF7-9276-5873CD5694DA}.Debug|Win32.Build.0 = Debug|Win32
		{19579918-C563-4DF7-9276-5873CD5694DA}.Release|Win32.ActiveCfg = Release|Win32
		{19579918-C563-4DF7-9276-5873CD5694DA}.Release|Win32.Build.0 = Release|Win32
		{D351ADCE-426E-4167-A9C0-ABEA2A8109D4}.Debug|Win32.ActiveCfg = Debug|Win32
		{D351ADCE-426E-4167-A9C0-ABEA2A8109D4}.Debug|Win32.Build.0 = Debug|Win32
		{D351ADCE-426E-4167-A9C0-ABEA2A8109D4}.Release|Win32.ActiveCfg = Release|Win32
		{D351ADCE-426E-4167-A9C0-ABEA2A8109D4}.Release|Win32.Build.0 = Release|Win32
		{50C95338-9E9D-4F15-B22B-1EA021489E06}.Debug|Win32.ActiveCfg = Debug|Win32
		{50C95338-9E9D-4F15-B22B-1EA021489E06}.Debug|Win32.Build.0 = Debug|Win32
		{50C95338-9E9D-4F15-B22B-1EA021489E06}.Release|Win32.ActiveCfg = Release|Win32
		{50C95338-9E9D-4F15-B22B-1EA021489E06}.Release|Win32.Build.0 = Release|Win32
	EndGlobalSection
	GlobalSection(SolutionProperties) = preSolution
		HideSolutionNode = FALSE
	EndGlobalSection
EndGlobal
